
Microsoft Visual Studio Solution File, Format Version 12.00
# Visual Studio 15
VisualStudioVersion = 15.0.28307.705
MinimumVisualStudioVersion = 10.0.40219.1
Project("{FAE04EC0-301F-11D3-BF4B-00C04F79EFBC}") = "ModelBinding", "ModelBinding\ModelBinding.csproj", "{1B18EBD0-78E1-49C4-93FB-596EC8D9B04C}"
EndProject
Global
	GlobalSection(SolutionConfigurationPlatforms) = preSolution
		Debug|Any CPU = Debug|Any CPU
		Release|Any CPU = Release|Any CPU
	EndGlobalSection
	GlobalSection(ProjectConfigurationPlatforms) = postSolution
		{1B18EBD0-78E1-49C4-93FB-596EC8D9B04C}.Debug|Any CPU.ActiveCfg = Debug|Any CPU
		{1B18EBD0-78E1-49C4-93FB-596EC8D9B04C}.Debug|Any CPU.Build.0 = Debug|Any CPU
		{1B18EBD0-78E1-49C4-93FB-596EC8D9B04C}.Release|Any CPU.ActiveCfg = Release|Any CPU
		{1B18EBD0-78E1-49C4-93FB-596EC8D9B04C}.Release|Any CPU.Build.0 = Release|Any CPU
	EndGlobalSection
	GlobalSection(SolutionProperties) = preSolution
		HideSolutionNode = FALSE
	EndGlobalSection
	GlobalSection(ExtensibilityGlobals) = postSolution
		SolutionGuid = {FFB3C495-A64F-4AF3-8BEE-EF5A74A677A4}
	EndGlobalSection
EndGlobal
